
Microsoft Visual Studio Solution File, Format Version 12.00
# Visual Studio Version 16
VisualStudioVersion = 16.0.31005.135
MinimumVisualStudioVersion = 10.0.40219.1
Project("{FAE04EC0-301F-11D3-BF4B-00C04F79EFBC}") = "TP1", "TP1\TP1.csproj", "{A9F8DD79-D9FE-42C2-B3F2-19A3EAB3B24F}"
EndProject
Global
	GlobalSection(SolutionConfigurationPlatforms) = preSolution
		Debug|Any CPU = Debug|Any CPU
		Release|Any CPU = Release|Any CPU
	EndGlobalSection
	GlobalSection(ProjectConfigurationPlatforms) = postSolution
		{A9F8DD79-D9FE-42C2-B3F2-19A3EAB3B24F}.Debug|Any CPU.ActiveCfg = Debug|Any CPU
		{A9F8DD79-D9FE-42C2-B3F2-19A3EAB3B24F}.Debug|Any CPU.Build.0 = Debug|Any CPU
		{A9F8DD79-D9FE-42C2-B3F2-19A3EAB3B24F}.Release|Any CPU.ActiveCfg = Release|Any CPU
		{A9F8DD79-D9FE-42C2-B3F2-19A3EAB3B24F}.Release|Any CPU.Build.0 = Release|Any CPU
	EndGlobalSection
	GlobalSection(SolutionProperties) = preSolution
		HideSolutionNode = FALSE
	EndGlobalSection
	GlobalSection(ExtensibilityGlobals) = postSolution
		SolutionGuid = {61F1D587-5A25-4D63-B9CE-D068DE01B142}
	EndGlobalSection
EndGlobal
